// !$*UTF8*$!
{
	archiveVersion = 1;
	classes = {
	};
	objectVersion = 56;
	objects = {

/* Begin PBXBuildFile section */
		4E48479E2BE796D400156AD3 /* LidarApp.swift in Sources */ = {isa = PBXBuildFile; fileRef = 4E48479D2BE796D400156AD3 /* LidarApp.swift */; };
		4E4847A02BE796D400156AD3 /* ContentView.swift in Sources */ = {isa = PBXBuildFile; fileRef = 4E48479F2BE796D400156AD3 /* ContentView.swift */; };
		4E4847A22BE796D500156AD3 /* Assets.xcassets in Resources */ = {isa = PBXBuildFile; fileRef = 4E4847A12BE796D500156AD3 /* Assets.xcassets */; };
		4E4847A52BE796D500156AD3 /* Preview Assets.xcassets in Resources */ = {isa = PBXBuildFile; fileRef = 4E4847A42BE796D500156AD3 /* Preview Assets.xcassets */; };
		4E4847AF2BE796D500156AD3 /* LidarTests.swift in Sources */ = {isa = PBXBuildFile; fileRef = 4E4847AE2BE796D500156AD3 /* LidarTests.swift */; };
		4E4847B92BE796D500156AD3 /* LidarUITests.swift in Sources */ = {isa = PBXBuildFile; fileRef = 4E4847B82BE796D500156AD3 /* LidarUITests.swift */; };
		4E4847BB2BE796D500156AD3 /* LidarUITestsLaunchTests.swift in Sources */ = {isa = PBXBuildFile; fileRef = 4E4847BA2BE796D500156AD3 /* LidarUITestsLaunchTests.swift */; };
/* End PBXBuildFile section */

/* Begin PBXContainerItemProxy section */
		4E4847AB2BE796D500156AD3 /* PBXContainerItemProxy */ = {
			isa = PBXContainerItemProxy;
			containerPortal = 4E4847922BE796D400156AD3 /* Project object */;
			proxyType = 1;
			remoteGlobalIDString = 4E4847992BE796D400156AD3;
			remoteInfo = Lidar;
		};
		4E4847B52BE796D500156AD3 /* PBXContainerItemProxy */ = {
			isa = PBXContainerItemProxy;
			containerPortal = 4E4847922BE796D400156AD3 /* Project object */;
			proxyType = 1;
			remoteGlobalIDString = 4E4847992BE796D400156AD3;
			remoteInfo = Lidar;
		};
/* End PBXContainerItemProxy section */

/* Begin PBXFileReference section */
		4E48479A2BE796D400156AD3 /* Lidar.app */ = {isa = PBXFileReference; explicitFileType = wrapper.application; includeInIndex = 0; path = Lidar.app; sourceTree = BUILT_PRODUCTS_DIR; };
		4E48479D2BE796D400156AD3 /* LidarApp.swift */ = {isa = PBXFileReference; lastKnownFileType = sourcecode.swift; path = LidarApp.swift; sourceTree = "<group>"; };
		4E48479F2BE796D400156AD3 /* ContentView.swift */ = {isa = PBXFileReference; lastKnownFileType = sourcecode.swift; path = ContentView.swift; sourceTree = "<group>"; };
		4E4847A12BE796D500156AD3 /* Assets.xcassets */ = {isa = PBXFileReference; lastKnownFileType = folder.assetcatalog; path = Assets.xcassets; sourceTree = "<group>"; };
		4E4847A42BE796D500156AD3 /* Preview Assets.xcassets */ = {isa = PBXFileReference; lastKnownFileType = folder.assetcatalog; path = "Preview Assets.xcassets"; sourceTree = "<group>"; };
		4E4847AA2BE796D500156AD3 /* LidarTests.xctest */ = {isa = PBXFileReference; explicitFileType = wrapper.cfbundle; includeInIndex = 0; path = LidarTests.xctest; sourceTree = BUILT_PRODUCTS_DIR; };
		4E4847AE2BE796D500156AD3 /* LidarTests.swift */ = {isa = PBXFileReference; lastKnownFileType = sourcecode.swift; path = LidarTests.swift; sourceTree = "<group>"; };
		4E4847B42BE796D500156AD3 /* LidarUITests.xctest */ = {isa = PBXFileReference; explicitFileType = wrapper.cfbundle; includeInIndex = 0; path = LidarUITests.xctest; sourceTree = BUILT_PRODUCTS_DIR; };
		4E4847B82BE796D500156AD3 /* LidarUITests.swift */ = {isa = PBXFileReference; lastKnownFileType = sourcecode.swift; path = LidarUITests.swift; sourceTree = "<group>"; };
		4E4847BA2BE796D500156AD3 /* LidarUITestsLaunchTests.swift */ = {isa = PBXFileReference; lastKnownFileType = sourcecode.swift; path = LidarUITestsLaunchTests.swift; sourceTree = "<group>"; };
/* End PBXFileReference section */

/* Begin PBXFrameworksBuildPhase section */
		4E4847972BE796D400156AD3 /* Frameworks */ = {
			isa = PBXFrameworksBuildPhase;
			buildActionMask = 2147483647;
			files = (
			);
			runOnlyForDeploymentPostprocessing = 0;
		};
		4E4847A72BE796D500156AD3 /* Frameworks */ = {
			isa = PBXFrameworksBuildPhase;
			buildActionMask = 2147483647;
			files = (
			);
			runOnlyForDeploymentPostprocessing = 0;
		};
		4E4847B12BE796D500156AD3 /* Frameworks */ = {
			isa = PBXFrameworksBuildPhase;
			buildActionMask = 2147483647;
			files = (
			);
			runOnlyForDeploymentPostprocessing = 0;
		};
/* End PBXFrameworksBuildPhase section */

/* Begin PBXGroup section */
		4E4847912BE796D400156AD3 = {
			isa = PBXGroup;
			children = (
				4E48479C2BE796D400156AD3 /* Lidar */,
				4E4847AD2BE796D500156AD3 /* LidarTests */,
				4E4847B72BE796D500156AD3 /* LidarUITests */,
				4E48479B2BE796D400156AD3 /* Products */,
			);
			sourceTree = "<group>";
		};
		4E48479B2BE796D400156AD3 /* Products */ = {
			isa = PBXGroup;
			children = (
				4E48479A2BE796D400156AD3 /* Lidar.app */,
				4E4847AA2BE796D500156AD3 /* LidarTests.xctest */,
				4E4847B42BE796D500156AD3 /* LidarUITests.xctest */,
			);
			name = Products;
			sourceTree = "<group>";
		};
		4E48479C2BE796D400156AD3 /* Lidar */ = {
			isa = PBXGroup;
			children = (
				4E48479D2BE796D400156AD3 /* LidarApp.swift */,
				4E48479F2BE796D400156AD3 /* ContentView.swift */,
				4E4847A12BE796D500156AD3 /* Assets.xcassets */,
				4E4847A32BE796D500156AD3 /* Preview Content */,
			);
			path = Lidar;
			sourceTree = "<group>";
		};
		4E4847A32BE796D500156AD3 /* Preview Content */ = {
			isa = PBXGroup;
			children = (
				4E4847A42BE796D500156AD3 /* Preview Assets.xcassets */,
			);
			path = "Preview Content";
			sourceTree = "<group>";
		};
		4E4847AD2BE796D500156AD3 /* LidarTests */ = {
			isa = PBXGroup;
			children = (
				4E4847AE2BE796D500156AD3 /* LidarTests.swift */,
			);
			path = LidarTests;
			sourceTree = "<group>";
		};
		4E4847B72BE796D500156AD3 /* LidarUITests */ = {
			isa = PBXGroup;
			children = (
				4E4847B82BE796D500156AD3 /* LidarUITests.swift */,
				4E4847BA2BE796D500156AD3 /* LidarUITestsLaunchTests.swift */,
			);
			path = LidarUITests;
			sourceTree = "<group>";
		};
/* End PBXGroup section */

/* Begin PBXNativeTarget section */
		4E4847992BE796D400156AD3 /* Lidar */ = {
			isa = PBXNativeTarget;
			buildConfigurationList = 4E4847BE2BE796D500156AD3 /* Build configuration list for PBXNativeTarget "Lidar" */;
			buildPhases = (
				4E4847962BE796D400156AD3 /* Sources */,
				4E4847972BE796D400156AD3 /* Frameworks */,
				4E4847982BE796D400156AD3 /* Resources */,
			);
			buildRules = (
			);
			dependencies = (
			);
			name = Lidar;
			productName = Lidar;
			productReference = 4E48479A2BE796D400156AD3 /* Lidar.app */;
			productType = "com.apple.product-type.application";
		};
		4E4847A92BE796D500156AD3 /* LidarTests */ = {
			isa = PBXNativeTarget;
			buildConfigurationList = 4E4847C12BE796D500156AD3 /* Build configuration list for PBXNativeTarget "LidarTests" */;
			buildPhases = (
				4E4847A62BE796D500156AD3 /* Sources */,
				4E4847A72BE796D500156AD3 /* Frameworks */,
				4E4847A82BE796D500156AD3 /* Resources */,
			);
			buildRules = (
			);
			dependencies = (
				4E4847AC2BE796D500156AD3 /* PBXTargetDependency */,
			);
			name = LidarTests;
			productName = LidarTests;
			productReference = 4E4847AA2BE796D500156AD3 /* LidarTests.xctest */;
			productType = "com.apple.product-type.bundle.unit-test";
		};
		4E4847B32BE796D500156AD3 /* LidarUITests */ = {
			isa = PBXNativeTarget;
			buildConfigurationList = 4E4847C42BE796D500156AD3 /* Build configuration list for PBXNativeTarget "LidarUITests" */;
			buildPhases = (
				4E4847B02BE796D500156AD3 /* Sources */,
				4E4847B12BE796D500156AD3 /* Frameworks */,
				4E4847B22BE796D500156AD3 /* Resources */,
			);
			buildRules = (
			);
			dependencies = (
				4E4847B62BE796D500156AD3 /* PBXTargetDependency */,
			);
			name = LidarUITests;
			productName = LidarUITests;
			productReference = 4E4847B42BE796D500156AD3 /* LidarUITests.xctest */;
			productType = "com.apple.product-type.bundle.ui-testing";
		};
/* End PBXNativeTarget section */

/* Begin PBXProject section */
		4E4847922BE796D400156AD3 /* Project object */ = {
			isa = PBXProject;
			attributes = {
				BuildIndependentTargetsInParallel = 1;
				LastSwiftUpdateCheck = 1530;
				LastUpgradeCheck = 1530;
				TargetAttributes = {
					4E4847992BE796D400156AD3 = {
						CreatedOnToolsVersion = 15.3;
					};
					4E4847A92BE796D500156AD3 = {
						CreatedOnToolsVersion = 15.3;
						TestTargetID = 4E4847992BE796D400156AD3;
					};
					4E4847B32BE796D500156AD3 = {
						CreatedOnToolsVersion = 15.3;
						TestTargetID = 4E4847992BE796D400156AD3;
					};
				};
			};
			buildConfigurationList = 4E4847952BE796D400156AD3 /* Build configuration list for PBXProject "Lidar" */;
			compatibilityVersion = "Xcode 14.0";
			developmentRegion = en;
			hasScannedForEncodings = 0;
			knownRegions = (
				en,
				Base,
			);
			mainGroup = 4E4847912BE796D400156AD3;
			productRefGroup = 4E48479B2BE796D400156AD3 /* Products */;
			projectDirPath = "";
			projectRoot = "";
			targets = (
				4E4847992BE796D400156AD3 /* Lidar */,
				4E4847A92BE796D500156AD3 /* LidarTests */,
				4E4847B32BE796D500156AD3 /* LidarUITests */,
			);
		};
/* End PBXProject section */

/* Begin PBXResourcesBuildPhase section */
		4E4847982BE796D400156AD3 /* Resources */ = {
			isa = PBXResourcesBuildPhase;
			buildActionMask = 2147483647;
			files = (
				4E4847A52BE796D500156AD3 /* Preview Assets.xcassets in Resources */,
				4E4847A22BE796D500156AD3 /* Assets.xcassets in Resources */,
			);
			runOnlyForDeploymentPostprocessing = 0;
		};
		4E4847A82BE796D500156AD3 /* Resources */ = {
			isa = PBXResourcesBuildPhase;
			buildActionMask = 2147483647;
			files = (
			);
			runOnlyForDeploymentPostprocessing = 0;
		};
		4E4847B22BE796D500156AD3 /* Resources */ = {
			isa = PBXResourcesBuildPhase;
			buildActionMask = 2147483647;
			files = (
			);
			runOnlyForDeploymentPostprocessing = 0;
		};
/* End PBXResourcesBuildPhase section */

/* Begin PBXSourcesBuildPhase section */
		4E4847962BE796D400156AD3 /* Sources */ = {
			isa = PBXSourcesBuildPhase;
			buildActionMask = 2147483647;
			files = (
				4E4847A02BE796D400156AD3 /* ContentView.swift in Sources */,
				4E48479E2BE796D400156AD3 /* LidarApp.swift in Sources */,
			);
			runOnlyForDeploymentPostprocessing = 0;
		};
		4E4847A62BE796D500156AD3 /* Sources */ = {
			isa = PBXSourcesBuildPhase;
			buildActionMask = 2147483647;
			files = (
				4E4847AF2BE796D500156AD3 /* LidarTests.swift in Sources */,
			);
			runOnlyForDeploymentPostprocessing = 0;
		};
		4E4847B02BE796D500156AD3 /* Sources */ = {
			isa = PBXSourcesBuildPhase;
			buildActionMask = 2147483647;
			files = (
				4E4847B92BE796D500156AD3 /* LidarUITests.swift in Sources */,
				4E4847BB2BE796D500156AD3 /* LidarUITestsLaunchTests.swift in Sources */,
			);
			runOnlyForDeploymentPostprocessing = 0;
		};
/* End PBXSourcesBuildPhase section */

/* Begin PBXTargetDependency section */
		4E4847AC2BE796D500156AD3 /* PBXTargetDependency */ = {
			isa = PBXTargetDependency;
			target = 4E4847992BE796D400156AD3 /* Lidar */;
			targetProxy = 4E4847AB2BE796D500156AD3 /* PBXContainerItemProxy */;
		};
		4E4847B62BE796D500156AD3 /* PBXTargetDependency */ = {
			isa = PBXTargetDependency;
			target = 4E4847992BE796D400156AD3 /* Lidar */;
			targetProxy = 4E4847B52BE796D500156AD3 /* PBXContainerItemProxy */;
		};
/* End PBXTargetDependency section */

/* Begin XCBuildConfiguration section */
		4E4847BC2BE796D500156AD3 /* Debug */ = {
			isa = XCBuildConfiguration;
			buildSettings = {
				ALWAYS_SEARCH_USER_PATHS = NO;
				ASSETCATALOG_COMPILER_GENERATE_SWIFT_ASSET_SYMBOL_EXTENSIONS = YES;
				CLANG_ANALYZER_NONNULL = YES;
				CLANG_ANALYZER_NUMBER_OBJECT_CONVERSION = YES_AGGRESSIVE;
				CLANG_CXX_LANGUAGE_STANDARD = "gnu++20";
				CLANG_ENABLE_MODULES = YES;
				CLANG_ENABLE_OBJC_ARC = YES;
				CLANG_ENABLE_OBJC_WEAK = YES;
				CLANG_WARN_BLOCK_CAPTURE_AUTORELEASING = YES;
				CLANG_WARN_BOOL_CONVERSION = YES;
				CLANG_WARN_COMMA = YES;
				CLANG_WARN_CONSTANT_CONVERSION = YES;
				CLANG_WARN_DEPRECATED_OBJC_IMPLEMENTATIONS = YES;
				CLANG_WARN_DIRECT_OBJC_ISA_USAGE = YES_ERROR;
				CLANG_WARN_DOCUMENTATION_COMMENTS = YES;
				CLANG_WARN_EMPTY_BODY = YES;
				CLANG_WARN_ENUM_CONVERSION = YES;
				CLANG_WARN_INFINITE_RECURSION = YES;
				CLANG_WARN_INT_CONVERSION = YES;
				CLANG_WARN_NON_LITERAL_NULL_CONVERSION = YES;
				CLANG_WARN_OBJC_IMPLICIT_RETAIN_SELF = YES;
				CLANG_WARN_OBJC_LITERAL_CONVERSION = YES;
				CLANG_WARN_OBJC_ROOT_CLASS = YES_ERROR;
				CLANG_WARN_QUOTED_INCLUDE_IN_FRAMEWORK_HEADER = YES;
				CLANG_WARN_RANGE_LOOP_ANALYSIS = YES;
				CLANG_WARN_STRICT_PROTOTYPES = YES;
				CLANG_WARN_SUSPICIOUS_MOVE = YES;
				CLANG_WARN_UNGUARDED_AVAILABILITY = YES_AGGRESSIVE;
				CLANG_WARN_UNREACHABLE_CODE = YES;
				CLANG_WARN__DUPLICATE_METHOD_MATCH = YES;
				COPY_PHASE_STRIP = NO;
				DEBUG_INFORMATION_FORMAT = dwarf;
				ENABLE_STRICT_OBJC_MSGSEND = YES;
				ENABLE_TESTABILITY = YES;
				ENABLE_USER_SCRIPT_SANDBOXING = YES;
				GCC_C_LANGUAGE_STANDARD = gnu17;
				GCC_DYNAMIC_NO_PIC = NO;
				GCC_NO_COMMON_BLOCKS = YES;
				GCC_OPTIMIZATION_LEVEL = 0;
				GCC_PREPROCESSOR_DEFINITIONS = (
					"DEBUG=1",
					"$(inherited)",
				);
				GCC_WARN_64_TO_32_BIT_CONVERSION = YES;
				GCC_WARN_ABOUT_RETURN_TYPE = YES_ERROR;
				GCC_WARN_UNDECLARED_SELECTOR = YES;
				GCC_WARN_UNINITIALIZED_AUTOS = YES_AGGRESSIVE;
				GCC_WARN_UNUSED_FUNCTION = YES;
				GCC_WARN_UNUSED_VARIABLE = YES;
				IPHONEOS_DEPLOYMENT_TARGET = 17.4;
				LOCALIZATION_PREFERS_STRING_CATALOGS = YES;
				MTL_ENABLE_DEBUG_INFO = INCLUDE_SOURCE;
				MTL_FAST_MATH = YES;
				ONLY_ACTIVE_ARCH = YES;
				SDKROOT = iphoneos;
				SWIFT_ACTIVE_COMPILATION_CONDITIONS = "DEBUG $(inherited)";
				SWIFT_OPTIMIZATION_LEVEL = "-Onone";
			};
			name = Debug;
		};
		4E4847BD2BE796D500156AD3 /* Release */ = {
			isa = XCBuildConfiguration;
			buildSettings = {
				ALWAYS_SEARCH_USER_PATHS = NO;
				ASSETCATALOG_COMPILER_GENERATE_SWIFT_ASSET_SYMBOL_EXTENSIONS = YES;
				CLANG_ANALYZER_NONNULL = YES;
				CLANG_ANALYZER_NUMBER_OBJECT_CONVERSION = YES_AGGRESSIVE;
				CLANG_CXX_LANGUAGE_STANDARD = "gnu++20";
				CLANG_ENABLE_MODULES = YES;
				CLANG_ENABLE_OBJC_ARC = YES;
				CLANG_ENABLE_OBJC_WEAK = YES;
				CLANG_WARN_BLOCK_CAPTURE_AUTORELEASING = YES;
				CLANG_WARN_BOOL_CONVERSION = YES;
				CLANG_WARN_COMMA = YES;
				CLANG_WARN_CONSTANT_CONVERSION = YES;
				CLANG_WARN_DEPRECATED_OBJC_IMPLEMENTATIONS = YES;
				CLANG_WARN_DIRECT_OBJC_ISA_USAGE = YES_ERROR;
				CLANG_WARN_DOCUMENTATION_COMMENTS = YES;
				CLANG_WARN_EMPTY_BODY = YES;
				CLANG_WARN_ENUM_CONVERSION = YES;
				CLANG_WARN_INFINITE_RECURSION = YES;
				CLANG_WARN_INT_CONVERSION = YES;
				CLANG_WARN_NON_LITERAL_NULL_CONVERSION = YES;
				CLANG_WARN_OBJC_IMPLICIT_RETAIN_SELF = YES;
				CLANG_WARN_OBJC_LITERAL_CONVERSION = YES;
				CLANG_WARN_OBJC_ROOT_CLASS = YES_ERROR;
				CLANG_WARN_QUOTED_INCLUDE_IN_FRAMEWORK_HEADER = YES;
				CLANG_WARN_RANGE_LOOP_ANALYSIS = YES;
				CLANG_WARN_STRICT_PROTOTYPES = YES;
				CLANG_WARN_SUSPICIOUS_MOVE = YES;
				CLANG_WARN_UNGUARDED_AVAILABILITY = YES_AGGRESSIVE;
				CLANG_WARN_UNREACHABLE_CODE = YES;
				CLANG_WARN__DUPLICATE_METHOD_MATCH = YES;
				COPY_PHASE_STRIP = NO;
				DEBUG_INFORMATION_FORMAT = "dwarf-with-dsym";
				ENABLE_NS_ASSERTIONS = NO;
				ENABLE_STRICT_OBJC_MSGSEND = YES;
				ENABLE_USER_SCRIPT_SANDBOXING = YES;
				GCC_C_LANGUAGE_STANDARD = gnu17;
				GCC_NO_COMMON_BLOCKS = YES;
				GCC_WARN_64_TO_32_BIT_CONVERSION = YES;
				GCC_WARN_ABOUT_RETURN_TYPE = YES_ERROR;
				GCC_WARN_UNDECLARED_SELECTOR = YES;
				GCC_WARN_UNINITIALIZED_AUTOS = YES_AGGRESSIVE;
				GCC_WARN_UNUSED_FUNCTION = YES;
				GCC_WARN_UNUSED_VARIABLE = YES;
				IPHONEOS_DEPLOYMENT_TARGET = 17.4;
				LOCALIZATION_PREFERS_STRING_CATALOGS = YES;
				MTL_ENABLE_DEBUG_INFO = NO;
				MTL_FAST_MATH = YES;
				SDKROOT = iphoneos;
				SWIFT_COMPILATION_MODE = wholemodule;
				VALIDATE_PRODUCT = YES;
			};
			name = Release;
		};
		4E4847BF2BE796D500156AD3 /* Debug */ = {
			isa = XCBuildConfiguration;
			buildSettings = {
				ASSETCATALOG_COMPILER_APPICON_NAME = AppIcon;
				ASSETCATALOG_COMPILER_GLOBAL_ACCENT_COLOR_NAME = AccentColor;
				CODE_SIGN_STYLE = Automatic;
				CURRENT_PROJECT_VERSION = 1;
				DEVELOPMENT_ASSET_PATHS = "\"Lidar/Preview Content\"";
				DEVELOPMENT_TEAM = 9V2RQL28S6;
				ENABLE_PREVIEWS = YES;
				GENERATE_INFOPLIST_FILE = YES;
				INFOPLIST_KEY_UIApplicationSceneManifest_Generation = YES;
				INFOPLIST_KEY_UIApplicationSupportsIndirectInputEvents = YES;
				INFOPLIST_KEY_UILaunchScreen_Generation = YES;
				INFOPLIST_KEY_UISupportedInterfaceOrientations_iPad = "UIInterfaceOrientationPortrait UIInterfaceOrientationPortraitUpsideDown UIInterfaceOrientationLandscapeLeft UIInterfaceOrientationLandscapeRight";
				INFOPLIST_KEY_UISupportedInterfaceOrientations_iPhone = "UIInterfaceOrientationPortrait UIInterfaceOrientationLandscapeLeft UIInterfaceOrientationLandscapeRight";
				LD_RUNPATH_SEARCH_PATHS = (
					"$(inherited)",
					"@executable_path/Frameworks",
				);
				MARKETING_VERSION = 1.0;
				PRODUCT_BUNDLE_IDENTIFIER = com.cnd.lidar.Lidar;
				PRODUCT_NAME = "$(TARGET_NAME)";
				SWIFT_EMIT_LOC_STRINGS = YES;
				SWIFT_VERSION = 5.0;
				TARGETED_DEVICE_FAMILY = "1,2";
			};
			name = Debug;
		};
		4E4847C02BE796D500156AD3 /* Release */ = {
			isa = XCBuildConfiguration;
			buildSettings = {
				ASSETCATALOG_COMPILER_APPICON_NAME = AppIcon;
				ASSETCATALOG_COMPILER_GLOBAL_ACCENT_COLOR_NAME = AccentColor;
				CODE_SIGN_STYLE = Automatic;
				CURRENT_PROJECT_VERSION = 1;
				DEVELOPMENT_ASSET_PATHS = "\"Lidar/Preview Content\"";
				DEVELOPMENT_TEAM = 9V2RQL28S6;
				ENABLE_PREVIEWS = YES;
				GENERATE_INFOPLIST_FILE = YES;
				INFOPLIST_KEY_UIApplicationSceneManifest_Generation = YES;
				INFOPLIST_KEY_UIApplicationSupportsIndirectInputEvents = YES;
				INFOPLIST_KEY_UILaunchScreen_Generation = YES;
				INFOPLIST_KEY_UISupportedInterfaceOrientations_iPad = "UIInterfaceOrientationPortrait UIInterfaceOrientationPortraitUpsideDown UIInterfaceOrientationLandscapeLeft UIInterfaceOrientationLandscapeRight";
				INFOPLIST_KEY_UISupportedInterfaceOrientations_iPhone = "UIInterfaceOrientationPortrait UIInterfaceOrientationLandscapeLeft UIInterfaceOrientationLandscapeRight";
				LD_RUNPATH_SEARCH_PATHS = (
					"$(inherited)",
					"@executable_path/Frameworks",
				);
				MARKETING_VERSION = 1.0;
				PRODUCT_BUNDLE_IDENTIFIER = com.cnd.lidar.Lidar;
				PRODUCT_NAME = "$(TARGET_NAME)";
				SWIFT_EMIT_LOC_STRINGS = YES;
				SWIFT_VERSION = 5.0;
				TARGETED_DEVICE_FAMILY = "1,2";
			};
			name = Release;
		};
		4E4847C22BE796D500156AD3 /* Debug */ = {
			isa = XCBuildConfiguration;
			buildSettings = {
				ALWAYS_EMBED_SWIFT_STANDARD_LIBRARIES = YES;
				BUNDLE_LOADER = "$(TEST_HOST)";
				CODE_SIGN_STYLE = Automatic;
				CURRENT_PROJECT_VERSION = 1;
				DEVELOPMENT_TEAM = 9V2RQL28S6;
				GENERATE_INFOPLIST_FILE = YES;
				IPHONEOS_DEPLOYMENT_TARGET = 17.4;
				MARKETING_VERSION = 1.0;
				PRODUCT_BUNDLE_IDENTIFIER = com.cnd.lidar.LidarTests;
				PRODUCT_NAME = "$(TARGET_NAME)";
				SWIFT_EMIT_LOC_STRINGS = NO;
				SWIFT_VERSION = 5.0;
				TARGETED_DEVICE_FAMILY = "1,2";
				TEST_HOST = "$(BUILT_PRODUCTS_DIR)/Lidar.app/$(BUNDLE_EXECUTABLE_FOLDER_PATH)/Lidar";
			};
			name = Debug;
		};
		4E4847C32BE796D500156AD3 /* Release */ = {
			isa = XCBuildConfiguration;
			buildSettings = {
				ALWAYS_EMBED_SWIFT_STANDARD_LIBRARIES = YES;
				BUNDLE_LOADER = "$(TEST_HOST)";
				CODE_SIGN_STYLE = Automatic;
				CURRENT_PROJECT_VERSION = 1;
				DEVELOPMENT_TEAM = 9V2RQL28S6;
				GENERATE_INFOPLIST_FILE = YES;
				IPHONEOS_DEPLOYMENT_TARGET = 17.4;
				MARKETING_VERSION = 1.0;
				PRODUCT_BUNDLE_IDENTIFIER = com.cnd.lidar.LidarTests;
				PRODUCT_NAME = "$(TARGET_NAME)";
				SWIFT_EMIT_LOC_STRINGS = NO;
				SWIFT_VERSION = 5.0;
				TARGETED_DEVICE_FAMILY = "1,2";
				TEST_HOST = "$(BUILT_PRODUCTS_DIR)/Lidar.app/$(BUNDLE_EXECUTABLE_FOLDER_PATH)/Lidar";
			};
			name = Release;
		};
		4E4847C52BE796D500156AD3 /* Debug */ = {
			isa = XCBuildConfiguration;
			buildSettings = {
				ALWAYS_EMBED_SWIFT_STANDARD_LIBRARIES = YES;
				CODE_SIGN_STYLE = Automatic;
				CURRENT_PROJECT_VERSION = 1;
				DEVELOPMENT_TEAM = 9V2RQL28S6;
				GENERATE_INFOPLIST_FILE = YES;
				MARKETING_VERSION = 1.0;
				PRODUCT_BUNDLE_IDENTIFIER = com.cnd.lidar.LidarUITests;
				PRODUCT_NAME = "$(TARGET_NAME)";
				SWIFT_EMIT_LOC_STRINGS = NO;
				SWIFT_VERSION = 5.0;
				TARGETED_DEVICE_FAMILY = "1,2";
				TEST_TARGET_NAME = Lidar;
			};
			name = Debug;
		};
		4E4847C62BE796D500156AD3 /* Release */ = {
			isa = XCBuildConfiguration;
			buildSettings = {
				ALWAYS_EMBED_SWIFT_STANDARD_LIBRARIES = YES;
				CODE_SIGN_STYLE = Automatic;
				CURRENT_PROJECT_VERSION = 1;
				DEVELOPMENT_TEAM = 9V2RQL28S6;
				GENERATE_INFOPLIST_FILE = YES;
				MARKETING_VERSION = 1.0;
				PRODUCT_BUNDLE_IDENTIFIER = com.cnd.lidar.LidarUITests;
				PRODUCT_NAME = "$(TARGET_NAME)";
				SWIFT_EMIT_LOC_STRINGS = NO;
				SWIFT_VERSION = 5.0;
				TARGETED_DEVICE_FAMILY = "1,2";
				TEST_TARGET_NAME = Lidar;
			};
			name = Release;
		};
/* End XCBuildConfiguration section */

/* Begin XCConfigurationList section */
		4E4847952BE796D400156AD3 /* Build configuration list for PBXProject "Lidar" */ = {
			isa = XCConfigurationList;
			buildConfigurations = (
				4E4847BC2BE796D500156AD3 /* Debug */,
				4E4847BD2BE796D500156AD3 /* Release */,
			);
			defaultConfigurationIsVisible = 0;
			defaultConfigurationName = Release;
		};
		4E4847BE2BE796D500156AD3 /* Build configuration list for PBXNativeTarget "Lidar" */ = {
			isa = XCConfigurationList;
			buildConfigurations = (
				4E4847BF2BE796D500156AD3 /* Debug */,
				4E4847C02BE796D500156AD3 /* Release */,
			);
			defaultConfigurationIsVisible = 0;
			defaultConfigurationName = Release;
		};
		4E4847C12BE796D500156AD3 /* Build configuration list for PBXNativeTarget "LidarTests" */ = {
			isa = XCConfigurationList;
			buildConfigurations = (
				4E4847C22BE796D500156AD3 /* Debug */,
				4E4847C32BE796D500156AD3 /* Release */,
			);
			defaultConfigurationIsVisible = 0;
			defaultConfigurationName = Release;
		};
		4E4847C42BE796D500156AD3 /* Build configuration list for PBXNativeTarget "LidarUITests" */ = {
			isa = XCConfigurationList;
			buildConfigurations = (
				4E4847C52BE796D500156AD3 /* Debug */,
				4E4847C62BE796D500156AD3 /* Release */,
			);
			defaultConfigurationIsVisible = 0;
			defaultConfigurationName = Release;
		};
/* End XCConfigurationList section */
	};
	rootObject = 4E4847922BE796D400156AD3 /* Project object */;
}
